
Microsoft Visual Studio Solution File, Format Version 12.00
# Visual Studio 14
VisualStudioVersion = 14.0.25420.1
MinimumVisualStudioVersion = 10.0.40219.1
Project("{8BC9CEB8-8B4A-11D0-8D11-00A0C91BC942}") = "SipSrv", "SipSrv\SipSrv.vcxproj", "{BE4EF39C-214A-4D9B-B4B8-CF2145ED0011}"
EndProject
Project("{8BC9CEB8-8B4A-11D0-8D11-00A0C91BC942}") = "SIPPlugIn", "SIPPlugIn\SIPPlugIn.vcxproj", "{32C5DA85-94B9-4533-8F11-32CC779F0BC1}"
EndProject
Project("{8BC9CEB8-8B4A-11D0-8D11-00A0C91BC942}") = "PlayDemo", "PlayDemo\PlayDemo.vcxproj", "{B89E92A1-5B29-4CD3-9C03-641E1FEEC724}"
EndProject
Project("{8BC9CEB8-8B4A-11D0-8D11-00A0C91BC942}") = "RtpSrv", "RtpSrv\RtpSrv.vcxproj", "{F0209B67-6D40-4C29-890C-03C6ADC6063A}"
EndProject
Project("{2150E333-8FDC-42A3-9474-1A3956D46DE8}") = "PlugIn", "PlugIn", "{9659C53B-A6C6-45DA-A42B-8C770B7CA082}"
EndProject
Project("{8BC9CEB8-8B4A-11D0-8D11-00A0C91BC942}") = "HKNetPlugIn", "PlugIn\HKPlugIn\NetPlugIn\HKNetPlugIn.vcxproj", "{A5ECA050-D5EA-485D-BB57-7078E2DA1414}"
EndProject
Project("{8BC9CEB8-8B4A-11D0-8D11-00A0C91BC942}") = "NVSSDKEngine", "NVSSDKEngine\NVSSDKEngine.vcxproj", "{5670C746-0FBF-4F24-A325-02B43E75B0A5}"
EndProject
Project("{8BC9CEB8-8B4A-11D0-8D11-00A0C91BC942}") = "DHNetPlugIn", "PlugIn\DHPlugIn\NetPlugIn\NetPlugIn.vcxproj", "{6798EB0B-8D3C-4B04-8482-F3E8DF6E9B06}"
EndProject
Global
	GlobalSection(SolutionConfigurationPlatforms) = preSolution
		Debug|x64 = Debug|x64
		Debug|x86 = Debug|x86
		Release|x64 = Release|x64
		Release|x86 = Release|x86
	EndGlobalSection
	GlobalSection(ProjectConfigurationPlatforms) = postSolution
		{BE4EF39C-214A-4D9B-B4B8-CF2145ED0011}.Debug|x64.ActiveCfg = Debug|x64
		{BE4EF39C-214A-4D9B-B4B8-CF2145ED0011}.Debug|x64.Build.0 = Debug|x64
		{BE4EF39C-214A-4D9B-B4B8-CF2145ED0011}.Debug|x86.ActiveCfg = Debug|Win32
		{BE4EF39C-214A-4D9B-B4B8-CF2145ED0011}.Debug|x86.Build.0 = Debug|Win32
		{BE4EF39C-214A-4D9B-B4B8-CF2145ED0011}.Release|x64.ActiveCfg = Release|x64
		{BE4EF39C-214A-4D9B-B4B8-CF2145ED0011}.Release|x64.Build.0 = Release|x64
		{BE4EF39C-214A-4D9B-B4B8-CF2145ED0011}.Release|x86.ActiveCfg = Release|Win32
		{BE4EF39C-214A-4D9B-B4B8-CF2145ED0011}.Release|x86.Build.0 = Release|Win32
		{32C5DA85-94B9-4533-8F11-32CC779F0BC1}.Debug|x64.ActiveCfg = Debug|x64
		{32C5DA85-94B9-4533-8F11-32CC779F0BC1}.Debug|x64.Build.0 = Debug|x64
		{32C5DA85-94B9-4533-8F11-32CC779F0BC1}.Debug|x86.ActiveCfg = Debug|Win32
		{32C5DA85-94B9-4533-8F11-32CC779F0BC1}.Debug|x86.Build.0 = Debug|Win32
		{32C5DA85-94B9-4533-8F11-32CC779F0BC1}.Release|x64.ActiveCfg = Release|x64
		{32C5DA85-94B9-4533-8F11-32CC779F0BC1}.Release|x64.Build.0 = Release|x64
		{32C5DA85-94B9-4533-8F11-32CC779F0BC1}.Release|x86.ActiveCfg = Release|Win32
		{32C5DA85-94B9-4533-8F11-32CC779F0BC1}.Release|x86.Build.0 = Release|Win32
		{B89E92A1-5B29-4CD3-9C03-641E1FEEC724}.Debug|x64.ActiveCfg = Debug|x64
		{B89E92A1-5B29-4CD3-9C03-641E1FEEC724}.Debug|x64.Build.0 = Debug|x64
		{B89E92A1-5B29-4CD3-9C03-641E1FEEC724}.Debug|x86.ActiveCfg = Debug|Win32
		{B89E92A1-5B29-4CD3-9C03-641E1FEEC724}.Debug|x86.Build.0 = Debug|Win32
		{B89E92A1-5B29-4CD3-9C03-641E1FEEC724}.Release|x64.ActiveCfg = Release|x64
		{B89E92A1-5B29-4CD3-9C03-641E1FEEC724}.Release|x64.Build.0 = Release|x64
		{B89E92A1-5B29-4CD3-9C03-641E1FEEC724}.Release|x86.ActiveCfg = Release|Win32
		{B89E92A1-5B29-4CD3-9C03-641E1FEEC724}.Release|x86.Build.0 = Release|Win32
		{F0209B67-6D40-4C29-890C-03C6ADC6063A}.Debug|x64.ActiveCfg = Debug|x64
		{F0209B67-6D40-4C29-890C-03C6ADC6063A}.Debug|x64.Build.0 = Debug|x64
		{F0209B67-6D40-4C29-890C-03C6ADC6063A}.Debug|x86.ActiveCfg = Debug|Win32
		{F0209B67-6D40-4C29-890C-03C6ADC6063A}.Debug|x86.Build.0 = Debug|Win32
		{F0209B67-6D40-4C29-890C-03C6ADC6063A}.Release|x64.ActiveCfg = Release|x64
		{F0209B67-6D40-4C29-890C-03C6ADC6063A}.Release|x64.Build.0 = Release|x64
		{F0209B67-6D40-4C29-890C-03C6ADC6063A}.Release|x86.ActiveCfg = Release|Win32
		{F0209B67-6D40-4C29-890C-03C6ADC6063A}.Release|x86.Build.0 = Release|Win32
		{A5ECA050-D5EA-485D-BB57-7078E2DA1414}.Debug|x64.ActiveCfg = Debug|x64
		{A5ECA050-D5EA-485D-BB57-7078E2DA1414}.Debug|x64.Build.0 = Debug|x64
		{A5ECA050-D5EA-485D-BB57-7078E2DA1414}.Debug|x86.ActiveCfg = Debug|Win32
		{A5ECA050-D5EA-485D-BB57-7078E2DA1414}.Debug|x86.Build.0 = Debug|Win32
		{A5ECA050-D5EA-485D-BB57-7078E2DA1414}.Release|x64.ActiveCfg = Release|x64
		{A5ECA050-D5EA-485D-BB57-7078E2DA1414}.Release|x64.Build.0 = Release|x64
		{A5ECA050-D5EA-485D-BB57-7078E2DA1414}.Release|x86.ActiveCfg = Release|Win32
		{A5ECA050-D5EA-485D-BB57-7078E2DA1414}.Release|x86.Build.0 = Release|Win32
		{5670C746-0FBF-4F24-A325-02B43E75B0A5}.Debug|x64.ActiveCfg = Debug|x64
		{5670C746-0FBF-4F24-A325-02B43E75B0A5}.Debug|x64.Build.0 = Debug|x64
		{5670C746-0FBF-4F24-A325-02B43E75B0A5}.Debug|x86.ActiveCfg = Debug|Win32
		{5670C746-0FBF-4F24-A325-02B43E75B0A5}.Debug|x86.Build.0 = Debug|Win32
		{5670C746-0FBF-4F24-A325-02B43E75B0A5}.Release|x64.ActiveCfg = Release|x64
		{5670C746-0FBF-4F24-A325-02B43E75B0A5}.Release|x64.Build.0 = Release|x64
		{5670C746-0FBF-4F24-A325-02B43E75B0A5}.Release|x86.ActiveCfg = Release|Win32
		{5670C746-0FBF-4F24-A325-02B43E75B0A5}.Release|x86.Build.0 = Release|Win32
		{6798EB0B-8D3C-4B04-8482-F3E8DF6E9B06}.Debug|x64.ActiveCfg = Debug|x64
		{6798EB0B-8D3C-4B04-8482-F3E8DF6E9B06}.Debug|x64.Build.0 = Debug|x64
		{6798EB0B-8D3C-4B04-8482-F3E8DF6E9B06}.Debug|x86.ActiveCfg = Debug|Win32
		{6798EB0B-8D3C-4B04-8482-F3E8DF6E9B06}.Debug|x86.Build.0 = Debug|Win32
		{6798EB0B-8D3C-4B04-8482-F3E8DF6E9B06}.Release|x64.ActiveCfg = Release|x64
		{6798EB0B-8D3C-4B04-8482-F3E8DF6E9B06}.Release|x64.Build.0 = Release|x64
		{6798EB0B-8D3C-4B04-8482-F3E8DF6E9B06}.Release|x86.ActiveCfg = Release|Win32
		{6798EB0B-8D3C-4B04-8482-F3E8DF6E9B06}.Release|x86.Build.0 = Release|Win32
	EndGlobalSection
	GlobalSection(SolutionProperties) = preSolution
		HideSolutionNode = FALSE
	EndGlobalSection
	GlobalSection(NestedProjects) = preSolution
		{32C5DA85-94B9-4533-8F11-32CC779F0BC1} = {9659C53B-A6C6-45DA-A42B-8C770B7CA082}
		{A5ECA050-D5EA-485D-BB57-7078E2DA1414} = {9659C53B-A6C6-45DA-A42B-8C770B7CA082}
		{6798EB0B-8D3C-4B04-8482-F3E8DF6E9B06} = {9659C53B-A6C6-45DA-A42B-8C770B7CA082}
	EndGlobalSection
EndGlobal
